
Microsoft Visual Studio Solution File, Format Version 12.00
# Visual Studio Version 17
VisualStudioVersion = 17.0.31903.59
MinimumVisualStudioVersion = 10.0.40219.1
Project("{9A19103F-16F7-4668-BE54-9A1E7A4F7556}") = "PP-Simulator", "PP-Simulator\PP-Simulator.csproj", "{988FFCD9-95FB-4B56-BBB5-EDAA6481BC34}"
EndProject
Project("{FAE04EC0-301F-11D3-BF4B-00C04F79EFBC}") = "Runner", "Runner\Runner.csproj", "{38435FFE-E3DF-4B69-A200-A75D1F38C2EA}"
EndProject
Project("{FAE04EC0-301F-11D3-BF4B-00C04F79EFBC}") = "TestSimulator", "TestSimulator\TestSimulator.csproj", "{B8D276DE-43A0-4F49-A4BA-1AFB08F2B1B1}"
EndProject
Project("{FAE04EC0-301F-11D3-BF4B-00C04F79EFBC}") = "MapVisualizer", "MapVisualizer\MapVisualizer.csproj", "{30782767-3435-453F-A3F7-CB881A1CD6C9}"
EndProject
Global
	GlobalSection(SolutionConfigurationPlatforms) = preSolution
		Debug|Any CPU = Debug|Any CPU
		Release|Any CPU = Release|Any CPU
	EndGlobalSection
	GlobalSection(ProjectConfigurationPlatforms) = postSolution
		{988FFCD9-95FB-4B56-BBB5-EDAA6481BC34}.Debug|Any CPU.ActiveCfg = Debug|Any CPU
		{988FFCD9-95FB-4B56-BBB5-EDAA6481BC34}.Debug|Any CPU.Build.0 = Debug|Any CPU
		{988FFCD9-95FB-4B56-BBB5-EDAA6481BC34}.Release|Any CPU.ActiveCfg = Release|Any CPU
		{988FFCD9-95FB-4B56-BBB5-EDAA6481BC34}.Release|Any CPU.Build.0 = Release|Any CPU
		{38435FFE-E3DF-4B69-A200-A75D1F38C2EA}.Debug|Any CPU.ActiveCfg = Debug|Any CPU
		{38435FFE-E3DF-4B69-A200-A75D1F38C2EA}.Debug|Any CPU.Build.0 = Debug|Any CPU
		{38435FFE-E3DF-4B69-A200-A75D1F38C2EA}.Release|Any CPU.ActiveCfg = Release|Any CPU
		{38435FFE-E3DF-4B69-A200-A75D1F38C2EA}.Release|Any CPU.Build.0 = Release|Any CPU
		{B8D276DE-43A0-4F49-A4BA-1AFB08F2B1B1}.Debug|Any CPU.ActiveCfg = Debug|Any CPU
		{B8D276DE-43A0-4F49-A4BA-1AFB08F2B1B1}.Debug|Any CPU.Build.0 = Debug|Any CPU
		{B8D276DE-43A0-4F49-A4BA-1AFB08F2B1B1}.Release|Any CPU.ActiveCfg = Release|Any CPU
		{B8D276DE-43A0-4F49-A4BA-1AFB08F2B1B1}.Release|Any CPU.Build.0 = Release|Any CPU
		{30782767-3435-453F-A3F7-CB881A1CD6C9}.Debug|Any CPU.ActiveCfg = Debug|Any CPU
		{30782767-3435-453F-A3F7-CB881A1CD6C9}.Debug|Any CPU.Build.0 = Debug|Any CPU
		{30782767-3435-453F-A3F7-CB881A1CD6C9}.Release|Any CPU.ActiveCfg = Release|Any CPU
		{30782767-3435-453F-A3F7-CB881A1CD6C9}.Release|Any CPU.Build.0 = Release|Any CPU
	EndGlobalSection
	GlobalSection(SolutionProperties) = preSolution
		HideSolutionNode = FALSE
	EndGlobalSection
	GlobalSection(ExtensibilityGlobals) = postSolution
		SolutionGuid = {AA10BAA0-28A1-497F-B432-A229E4E37B77}
	EndGlobalSection
EndGlobal
